<?xml version="1.0" encoding="utf-8"?>
<Project ToolsVersion="4.0" xmlns="http://schemas.microsoft.com/developer/msbuild/2003">
  <ItemGroup>
    <ClCompile Include="Matrix2x3.cpp">
      <Filter>Preset</Filter>
    </ClCompile>
    <ClCompile Include="SoundEffect.cpp">
      <Filter>Preset</Filter>
    </ClCompile>
    <ClCompile Include="SoundStream.cpp">
      <Filter>Preset</Filter>
    </ClCompile>
    <ClCompile Include="structs.cpp">
      <Filter>Preset</Filter>
    </ClCompile>
    <ClCompile Include="SVGParser.cpp">
      <Filter>Preset</Filter>
    </ClCompile>
    <ClCompile Include="Texture.cpp">
      <Filter>Preset</Filter>
    </ClCompile>
    <ClCompile Include="utils.cpp">
      <Filter>Preset</Filter>
    </ClCompile>
    <ClCompile Include="Vector2f.cpp">
      <Filter>Preset</Filter>
    </ClCompile>
    <ClCompile Include="base.cpp">
      <Filter>Preset</Filter>
    </ClCompile>
    <ClCompile Include="Camera.cpp">
      <Filter>Base</Filter>
    </ClCompile>
    <ClCompile Include="Component.cpp">
      <Filter>EC</Filter>
    </ClCompile>
    <ClCompile Include="Entity.cpp">
      <Filter>EC</Filter>
    </ClCompile>
    <ClCompile Include="EntityKeeper.cpp">
      <Filter>EC</Filter>
    </ClCompile>
    <ClCompile Include="Game.cpp">
      <Filter>Base</Filter>
    </ClCompile>
    <ClCompile Include="Renderer.cpp">
      <Filter>EC\Components</Filter>
    </ClCompile>
    <ClCompile Include="Scene.cpp">
      <Filter>Base</Filter>
    </ClCompile>
    <ClCompile Include="TextureCache.cpp">
      <Filter>Base</Filter>
    </ClCompile>
    <ClCompile Include="Transform.cpp">
      <Filter>EC\Components</Filter>
    </ClCompile>
    <ClCompile Include="Collider.cpp">
      <Filter>EC\Components</Filter>
    </ClCompile>
    <ClCompile Include="collisions.cpp">
      <Filter>Physics</Filter>
    </ClCompile>
    <ClCompile Include="PhysicsBody.cpp">
      <Filter>EC\Components</Filter>
    </ClCompile>
    <ClCompile Include="PhysicsHandler.cpp">
      <Filter>Physics</Filter>
    </ClCompile>
    <ClCompile Include="InputHandler.cpp" />
  </ItemGroup>
  <ItemGroup>
    <ClInclude Include="base.h">
      <Filter>Preset</Filter>
    </ClInclude>
    <ClInclude Include="Matrix2x3.h">
      <Filter>Preset</Filter>
    </ClInclude>
    <ClInclude Include="SoundEffect.h">
      <Filter>Preset</Filter>
    </ClInclude>
    <ClInclude Include="SoundStream.h">
      <Filter>Preset</Filter>
    </ClInclude>
    <ClInclude Include="structs.h">
      <Filter>Preset</Filter>
    </ClInclude>
    <ClInclude Include="SVGParser.h">
      <Filter>Preset</Filter>
    </ClInclude>
    <ClInclude Include="Texture.h">
      <Filter>Preset</Filter>
    </ClInclude>
    <ClInclude Include="utils.h">
      <Filter>Preset</Filter>
    </ClInclude>
    <ClInclude Include="Vector2f.h">
      <Filter>Preset</Filter>
    </ClInclude>
    <ClInclude Include="Camera.h">
      <Filter>Base</Filter>
    </ClInclude>
    <ClInclude Include="Component.h">
      <Filter>EC</Filter>
    </ClInclude>
    <ClInclude Include="Entity.h">
      <Filter>EC</Filter>
    </ClInclude>
    <ClInclude Include="EntityKeeper.h">
      <Filter>EC</Filter>
    </ClInclude>
    <ClInclude Include="Game.h">
      <Filter>Base</Filter>
    </ClInclude>
    <ClInclude Include="Renderer.h">
      <Filter>EC\Components</Filter>
    </ClInclude>
    <ClInclude Include="Scene.h">
      <Filter>Base</Filter>
    </ClInclude>
    <ClInclude Include="TextureCache.h">
      <Filter>Base</Filter>
    </ClInclude>
    <ClInclude Include="Transform.h">
      <Filter>EC\Components</Filter>
    </ClInclude>
    <ClInclude Include="Collider.h">
      <Filter>EC\Components</Filter>
    </ClInclude>
    <ClInclude Include="collisions.h">
      <Filter>Physics</Filter>
    </ClInclude>
    <ClInclude Include="PhysicsBody.h">
      <Filter>EC\Components</Filter>
    </ClInclude>
    <ClInclude Include="PhysicsHandler.h">
      <Filter>Physics</Filter>
    </ClInclude>
    <ClInclude Include="InputHandler.h" />
  </ItemGroup>
  <ItemGroup>
    <Filter Include="Preset">
      <UniqueIdentifier>{13a8bdf5-95fd-40ad-947a-49f61df18388}</UniqueIdentifier>
    </Filter>
    <Filter Include="EC">
      <UniqueIdentifier>{5ee7b51f-b052-4283-9aaa-1e5d156f7a73}</UniqueIdentifier>
    </Filter>
    <Filter Include="Base">
      <UniqueIdentifier>{b8eb849b-32fc-4b75-b7f7-f8739cf6e7ca}</UniqueIdentifier>
    </Filter>
    <Filter Include="EC\Components">
      <UniqueIdentifier>{4cc977c6-a8ef-43e9-9b6e-c05eb2adda3c}</UniqueIdentifier>
    </Filter>
    <Filter Include="Physics">
      <UniqueIdentifier>{4e0a45be-91f8-4fa1-be97-deed3c7e65b3}</UniqueIdentifier>
    </Filter>
  </ItemGroup>
</Project>